
Microsoft Visual Studio Solution File, Format Version 12.00
# Visual Studio Version 16
VisualStudioVersion = 16.0.30002.166
MinimumVisualStudioVersion = 10.0.40219.1
Project("{FAE04EC0-301F-11D3-BF4B-00C04F79EFBC}") = "01. Train", "Lists - Exercise\01. Train.csproj", "{DA7A6F88-AF6C-4BF2-899D-1FA7D0F00B69}"
EndProject
Project("{FAE04EC0-301F-11D3-BF4B-00C04F79EFBC}") = "02. Change List", "02. Change List\02. Change List.csproj", "{33945635-17BD-4480-AC37-0FA88EB6C5F5}"
EndProject
Project("{FAE04EC0-301F-11D3-BF4B-00C04F79EFBC}") = "03. House Party", "03. House Party\03. House Party.csproj", "{12A46811-FD13-4DDE-8B09-9C5C307E294D}"
EndProject
Project("{FAE04EC0-301F-11D3-BF4B-00C04F79EFBC}") = "04. List Operations", "04. List Operations\04. List Operations.csproj", "{F5340C04-451A-4751-A968-D2CCB9AF1DDD}"
EndProject
Project("{FAE04EC0-301F-11D3-BF4B-00C04F79EFBC}") = "05. Bomb Numbers", "05. Bomb Numbers\05. Bomb Numbers.csproj", "{F3128325-0AE3-4A0B-A0E0-3325F957D4FF}"
EndProject
Project("{FAE04EC0-301F-11D3-BF4B-00C04F79EFBC}") = "06. Cards Game", "06. Cards Game\06. Cards Game.csproj", "{C8E7DA8E-A26E-45C2-B36E-7BE123395252}"
EndProject
Project("{FAE04EC0-301F-11D3-BF4B-00C04F79EFBC}") = "07. Append Arrays", "07. Append Arrays\07. Append Arrays.csproj", "{BFEDD189-0B12-4554-B3A7-F09948E18401}"
EndProject
Project("{FAE04EC0-301F-11D3-BF4B-00C04F79EFBC}") = "08. Anonymous Threat", "08. Anonymous Threat\08. Anonymous Threat.csproj", "{078C697B-5CD2-4EF7-8F59-197455929D99}"
EndProject
Project("{FAE04EC0-301F-11D3-BF4B-00C04F79EFBC}") = "09. Pokemon Don't Go", "09. Pokemon Don't Go\09. Pokemon Don't Go.csproj", "{A80DF1DB-2289-403B-B550-684AC0D8CC7E}"
EndProject
Project("{FAE04EC0-301F-11D3-BF4B-00C04F79EFBC}") = "10. SoftUni Course Planning", "10. SoftUni Course Planning\10. SoftUni Course Planning.csproj", "{76391DF8-E356-4946-A2FF-E4CCC53E0630}"
EndProject
Project("{FAE04EC0-301F-11D3-BF4B-00C04F79EFBC}") = "01, Train 1", "01, Train 1\01, Train 1.csproj", "{D41EA754-88B5-47E9-AF4E-AB7640549891}"
EndProject
Global
	GlobalSection(SolutionConfigurationPlatforms) = preSolution
		Debug|Any CPU = Debug|Any CPU
		Release|Any CPU = Release|Any CPU
	EndGlobalSection
	GlobalSection(ProjectConfigurationPlatforms) = postSolution
		{DA7A6F88-AF6C-4BF2-899D-1FA7D0F00B69}.Debug|Any CPU.ActiveCfg = Debug|Any CPU
		{DA7A6F88-AF6C-4BF2-899D-1FA7D0F00B69}.Debug|Any CPU.Build.0 = Debug|Any CPU
		{DA7A6F88-AF6C-4BF2-899D-1FA7D0F00B69}.Release|Any CPU.ActiveCfg = Release|Any CPU
		{DA7A6F88-AF6C-4BF2-899D-1FA7D0F00B69}.Release|Any CPU.Build.0 = Release|Any CPU
		{33945635-17BD-4480-AC37-0FA88EB6C5F5}.Debug|Any CPU.ActiveCfg = Debug|Any CPU
		{33945635-17BD-4480-AC37-0FA88EB6C5F5}.Debug|Any CPU.Build.0 = Debug|Any CPU
		{33945635-17BD-4480-AC37-0FA88EB6C5F5}.Release|Any CPU.ActiveCfg = Release|Any CPU
		{33945635-17BD-4480-AC37-0FA88EB6C5F5}.Release|Any CPU.Build.0 = Release|Any CPU
		{12A46811-FD13-4DDE-8B09-9C5C307E294D}.Debug|Any CPU.ActiveCfg = Debug|Any CPU
		{12A46811-FD13-4DDE-8B09-9C5C307E294D}.Debug|Any CPU.Build.0 = Debug|Any CPU
		{12A46811-FD13-4DDE-8B09-9C5C307E294D}.Release|Any CPU.ActiveCfg = Release|Any CPU
		{12A46811-FD13-4DDE-8B09-9C5C307E294D}.Release|Any CPU.Build.0 = Release|Any CPU
		{F5340C04-451A-4751-A968-D2CCB9AF1DDD}.Debug|Any CPU.ActiveCfg = Debug|Any CPU
		{F5340C04-451A-4751-A968-D2CCB9AF1DDD}.Debug|Any CPU.Build.0 = Debug|Any CPU
		{F5340C04-451A-4751-A968-D2CCB9AF1DDD}.Release|Any CPU.ActiveCfg = Release|Any CPU
		{F5340C04-451A-4751-A968-D2CCB9AF1DDD}.Release|Any CPU.Build.0 = Release|Any CPU
		{F3128325-0AE3-4A0B-A0E0-3325F957D4FF}.Debug|Any CPU.ActiveCfg = Debug|Any CPU
		{F3128325-0AE3-4A0B-A0E0-3325F957D4FF}.Debug|Any CPU.Build.0 = Debug|Any CPU
		{F3128325-0AE3-4A0B-A0E0-3325F957D4FF}.Release|Any CPU.ActiveCfg = Release|Any CPU
		{F3128325-0AE3-4A0B-A0E0-3325F957D4FF}.Release|Any CPU.Build.0 = Release|Any CPU
		{C8E7DA8E-A26E-45C2-B36E-7BE123395252}.Debug|Any CPU.ActiveCfg = Debug|Any CPU
		{C8E7DA8E-A26E-45C2-B36E-7BE123395252}.Debug|Any CPU.Build.0 = Debug|Any CPU
		{C8E7DA8E-A26E-45C2-B36E-7BE123395252}.Release|Any CPU.ActiveCfg = Release|Any CPU
		{C8E7DA8E-A26E-45C2-B36E-7BE123395252}.Release|Any CPU.Build.0 = Release|Any CPU
		{BFEDD189-0B12-4554-B3A7-F09948E18401}.Debug|Any CPU.ActiveCfg = Debug|Any CPU
		{BFEDD189-0B12-4554-B3A7-F09948E18401}.Debug|Any CPU.Build.0 = Debug|Any CPU
		{BFEDD189-0B12-4554-B3A7-F09948E18401}.Release|Any CPU.ActiveCfg = Release|Any CPU
		{BFEDD189-0B12-4554-B3A7-F09948E18401}.Release|Any CPU.Build.0 = Release|Any CPU
		{078C697B-5CD2-4EF7-8F59-197455929D99}.Debug|Any CPU.ActiveCfg = Debug|Any CPU
		{078C697B-5CD2-4EF7-8F59-197455929D99}.Debug|Any CPU.Build.0 = Debug|Any CPU
		{078C697B-5CD2-4EF7-8F59-197455929D99}.Release|Any CPU.ActiveCfg = Release|Any CPU
		{078C697B-5CD2-4EF7-8F59-197455929D99}.Release|Any CPU.Build.0 = Release|Any CPU
		{A80DF1DB-2289-403B-B550-684AC0D8CC7E}.Debug|Any CPU.ActiveCfg = Debug|Any CPU
		{A80DF1DB-2289-403B-B550-684AC0D8CC7E}.Debug|Any CPU.Build.0 = Debug|Any CPU
		{A80DF1DB-2289-403B-B550-684AC0D8CC7E}.Release|Any CPU.ActiveCfg = Release|Any CPU
		{A80DF1DB-2289-403B-B550-684AC0D8CC7E}.Release|Any CPU.Build.0 = Release|Any CPU
		{76391DF8-E356-4946-A2FF-E4CCC53E0630}.Debug|Any CPU.ActiveCfg = Debug|Any CPU
		{76391DF8-E356-4946-A2FF-E4CCC53E0630}.Debug|Any CPU.Build.0 = Debug|Any CPU
		{76391DF8-E356-4946-A2FF-E4CCC53E0630}.Release|Any CPU.ActiveCfg = Release|Any CPU
		{76391DF8-E356-4946-A2FF-E4CCC53E0630}.Release|Any CPU.Build.0 = Release|Any CPU
		{D41EA754-88B5-47E9-AF4E-AB7640549891}.Debug|Any CPU.ActiveCfg = Debug|Any CPU
		{D41EA754-88B5-47E9-AF4E-AB7640549891}.Debug|Any CPU.Build.0 = Debug|Any CPU
		{D41EA754-88B5-47E9-AF4E-AB7640549891}.Release|Any CPU.ActiveCfg = Release|Any CPU
		{D41EA754-88B5-47E9-AF4E-AB7640549891}.Release|Any CPU.Build.0 = Release|Any CPU
	EndGlobalSection
	GlobalSection(SolutionProperties) = preSolution
		HideSolutionNode = FALSE
	EndGlobalSection
	GlobalSection(ExtensibilityGlobals) = postSolution
		SolutionGuid = {D180863A-87B4-4E6C-A324-075E53C01A72}
	EndGlobalSection
EndGlobal
