
Microsoft Visual Studio Solution File, Format Version 12.00
# Visual Studio Version 16
VisualStudioVersion = 16.0.30517.126
MinimumVisualStudioVersion = 10.0.40219.1
Project("{FAE04EC0-301F-11D3-BF4B-00C04F79EFBC}") = "01. Train", "List05\01. Train.csproj", "{48FECA07-522D-4007-89D7-46724FB47939}"
EndProject
Project("{FAE04EC0-301F-11D3-BF4B-00C04F79EFBC}") = "02. Change List", "02. Change List\02. Change List.csproj", "{65145BE0-36B1-4643-AEBA-1A8058045760}"
EndProject
Project("{FAE04EC0-301F-11D3-BF4B-00C04F79EFBC}") = "03. House Party", "03. House Party\03. House Party.csproj", "{B002576F-080E-4C62-87C8-195E3569882C}"
EndProject
Project("{FAE04EC0-301F-11D3-BF4B-00C04F79EFBC}") = "04. List Operations", "04. List Operations\04. List Operations.csproj", "{6DF81B18-8F8C-4EA1-8282-1BAB406DC85C}"
EndProject
Project("{FAE04EC0-301F-11D3-BF4B-00C04F79EFBC}") = "05. Bomb Numbers", "05. Bomb Numbers\05. Bomb Numbers.csproj", "{5A773BE0-31AA-4768-9478-C266A83D7146}"
EndProject
Project("{FAE04EC0-301F-11D3-BF4B-00C04F79EFBC}") = "06. Cards Game", "06. Cards Game\06. Cards Game.csproj", "{75F3BB52-B6D0-45BF-A799-E4AE56B0FBE6}"
EndProject
Project("{FAE04EC0-301F-11D3-BF4B-00C04F79EFBC}") = "07. Append Arrays", "07. Append Arrays\07. Append Arrays.csproj", "{84471479-0239-46B5-B514-4DDF81656058}"
EndProject
Project("{FAE04EC0-301F-11D3-BF4B-00C04F79EFBC}") = "08. Anonymous Threat", "08. Anonymous Threat\08. Anonymous Threat.csproj", "{04CB234D-6E8A-4578-8F61-FBBDAE41E97F}"
EndProject
Project("{FAE04EC0-301F-11D3-BF4B-00C04F79EFBC}") = "09. Pokemon Don't Go", "09. Pokemon Don't Go\09. Pokemon Don't Go.csproj", "{96355250-20FE-4BD7-B6C6-0BB13E7F5649}"
EndProject
Project("{FAE04EC0-301F-11D3-BF4B-00C04F79EFBC}") = "10. SoftUni Course Planning", "10. SoftUni Course Planning\10. SoftUni Course Planning.csproj", "{7ECD5610-CC3E-4144-8F9D-C5619130AC37}"
EndProject
Project("{FAE04EC0-301F-11D3-BF4B-00C04F79EFBC}") = "L01. Sum Adjacent Equal Numbers", "L01. Sum Adjacent Equal Numbers\L01. Sum Adjacent Equal Numbers.csproj", "{8D170B0C-0475-4474-94B1-817AB36BA238}"
EndProject
Project("{FAE04EC0-301F-11D3-BF4B-00C04F79EFBC}") = "L02. Gauss' Trick", "L02. Gauss' Trick\L02. Gauss' Trick.csproj", "{16F3349B-C07A-4D1E-A67D-BCF434C13A74}"
EndProject
Project("{FAE04EC0-301F-11D3-BF4B-00C04F79EFBC}") = "L03. Merging Lists", "L03. Merging Lists\L03. Merging Lists.csproj", "{FD8FC6B1-44FF-4C50-AB54-8374393F1258}"
EndProject
Project("{FAE04EC0-301F-11D3-BF4B-00C04F79EFBC}") = "L04. List of Products", "L04. List of Products\L04. List of Products.csproj", "{FA6A548C-E3F7-461C-B1DE-807F6B8A9AA5}"
EndProject
Project("{FAE04EC0-301F-11D3-BF4B-00C04F79EFBC}") = "L05. Remove Negatives and Reverse", "L05. Remove Negatives and Reverse\L05. Remove Negatives and Reverse.csproj", "{F74DD426-84F3-4C5A-BC74-5DA2053354D2}"
EndProject
Project("{FAE04EC0-301F-11D3-BF4B-00C04F79EFBC}") = "L06. List Manipulation Basics", "L06. List Manipulation Basics\L06. List Manipulation Basics.csproj", "{6B9EFE98-6188-4ECA-844F-56AC71DACD12}"
EndProject
Project("{FAE04EC0-301F-11D3-BF4B-00C04F79EFBC}") = "L07. List Manipulation Advanced", "L07. List Manipulation Advanced\L07. List Manipulation Advanced.csproj", "{C18DF5CA-13F7-417F-981B-F11D447BA1D9}"
EndProject
Project("{FAE04EC0-301F-11D3-BF4B-00C04F79EFBC}") = "M01. Messaging", "M01. Messaging\M01. Messaging.csproj", "{8A9BCACE-8375-435E-89E6-12728FF8827F}"
EndProject
Project("{FAE04EC0-301F-11D3-BF4B-00C04F79EFBC}") = "M02. Car Race", "M02. Car Race\M02. Car Race.csproj", "{34ED5CB5-AD9D-4055-A093-398FAA12FA76}"
EndProject
Project("{FAE04EC0-301F-11D3-BF4B-00C04F79EFBC}") = "M03. Take-Skip Rope", "M03. Take-Skip Rope\M03. Take-Skip Rope.csproj", "{F2986D51-9F23-40B3-B730-F143F8845340}"
EndProject
Project("{FAE04EC0-301F-11D3-BF4B-00C04F79EFBC}") = "M04. Mixed up Lists", "M04. Mixed up Lists\M04. Mixed up Lists.csproj", "{00944842-23F8-4576-8F85-3E56FB051DC5}"
EndProject
Project("{FAE04EC0-301F-11D3-BF4B-00C04F79EFBC}") = "M05. Drum Set", "M05. Drum Set\M05. Drum Set.csproj", "{2078DD99-E2B7-40EA-BC56-EE0BB18A3494}"
EndProject
Global
	GlobalSection(SolutionConfigurationPlatforms) = preSolution
		Debug|Any CPU = Debug|Any CPU
		Release|Any CPU = Release|Any CPU
	EndGlobalSection
	GlobalSection(ProjectConfigurationPlatforms) = postSolution
		{48FECA07-522D-4007-89D7-46724FB47939}.Debug|Any CPU.ActiveCfg = Debug|Any CPU
		{48FECA07-522D-4007-89D7-46724FB47939}.Debug|Any CPU.Build.0 = Debug|Any CPU
		{48FECA07-522D-4007-89D7-46724FB47939}.Release|Any CPU.ActiveCfg = Release|Any CPU
		{48FECA07-522D-4007-89D7-46724FB47939}.Release|Any CPU.Build.0 = Release|Any CPU
		{65145BE0-36B1-4643-AEBA-1A8058045760}.Debug|Any CPU.ActiveCfg = Debug|Any CPU
		{65145BE0-36B1-4643-AEBA-1A8058045760}.Debug|Any CPU.Build.0 = Debug|Any CPU
		{65145BE0-36B1-4643-AEBA-1A8058045760}.Release|Any CPU.ActiveCfg = Release|Any CPU
		{65145BE0-36B1-4643-AEBA-1A8058045760}.Release|Any CPU.Build.0 = Release|Any CPU
		{B002576F-080E-4C62-87C8-195E3569882C}.Debug|Any CPU.ActiveCfg = Debug|Any CPU
		{B002576F-080E-4C62-87C8-195E3569882C}.Debug|Any CPU.Build.0 = Debug|Any CPU
		{B002576F-080E-4C62-87C8-195E3569882C}.Release|Any CPU.ActiveCfg = Release|Any CPU
		{B002576F-080E-4C62-87C8-195E3569882C}.Release|Any CPU.Build.0 = Release|Any CPU
		{6DF81B18-8F8C-4EA1-8282-1BAB406DC85C}.Debug|Any CPU.ActiveCfg = Debug|Any CPU
		{6DF81B18-8F8C-4EA1-8282-1BAB406DC85C}.Debug|Any CPU.Build.0 = Debug|Any CPU
		{6DF81B18-8F8C-4EA1-8282-1BAB406DC85C}.Release|Any CPU.ActiveCfg = Release|Any CPU
		{6DF81B18-8F8C-4EA1-8282-1BAB406DC85C}.Release|Any CPU.Build.0 = Release|Any CPU
		{5A773BE0-31AA-4768-9478-C266A83D7146}.Debug|Any CPU.ActiveCfg = Debug|Any CPU
		{5A773BE0-31AA-4768-9478-C266A83D7146}.Debug|Any CPU.Build.0 = Debug|Any CPU
		{5A773BE0-31AA-4768-9478-C266A83D7146}.Release|Any CPU.ActiveCfg = Release|Any CPU
		{5A773BE0-31AA-4768-9478-C266A83D7146}.Release|Any CPU.Build.0 = Release|Any CPU
		{75F3BB52-B6D0-45BF-A799-E4AE56B0FBE6}.Debug|Any CPU.ActiveCfg = Debug|Any CPU
		{75F3BB52-B6D0-45BF-A799-E4AE56B0FBE6}.Debug|Any CPU.Build.0 = Debug|Any CPU
		{75F3BB52-B6D0-45BF-A799-E4AE56B0FBE6}.Release|Any CPU.ActiveCfg = Release|Any CPU
		{75F3BB52-B6D0-45BF-A799-E4AE56B0FBE6}.Release|Any CPU.Build.0 = Release|Any CPU
		{84471479-0239-46B5-B514-4DDF81656058}.Debug|Any CPU.ActiveCfg = Debug|Any CPU
		{84471479-0239-46B5-B514-4DDF81656058}.Debug|Any CPU.Build.0 = Debug|Any CPU
		{84471479-0239-46B5-B514-4DDF81656058}.Release|Any CPU.ActiveCfg = Release|Any CPU
		{84471479-0239-46B5-B514-4DDF81656058}.Release|Any CPU.Build.0 = Release|Any CPU
		{04CB234D-6E8A-4578-8F61-FBBDAE41E97F}.Debug|Any CPU.ActiveCfg = Debug|Any CPU
		{04CB234D-6E8A-4578-8F61-FBBDAE41E97F}.Debug|Any CPU.Build.0 = Debug|Any CPU
		{04CB234D-6E8A-4578-8F61-FBBDAE41E97F}.Release|Any CPU.ActiveCfg = Release|Any CPU
		{04CB234D-6E8A-4578-8F61-FBBDAE41E97F}.Release|Any CPU.Build.0 = Release|Any CPU
		{96355250-20FE-4BD7-B6C6-0BB13E7F5649}.Debug|Any CPU.ActiveCfg = Debug|Any CPU
		{96355250-20FE-4BD7-B6C6-0BB13E7F5649}.Debug|Any CPU.Build.0 = Debug|Any CPU
		{96355250-20FE-4BD7-B6C6-0BB13E7F5649}.Release|Any CPU.ActiveCfg = Release|Any CPU
		{96355250-20FE-4BD7-B6C6-0BB13E7F5649}.Release|Any CPU.Build.0 = Release|Any CPU
		{7ECD5610-CC3E-4144-8F9D-C5619130AC37}.Debug|Any CPU.ActiveCfg = Debug|Any CPU
		{7ECD5610-CC3E-4144-8F9D-C5619130AC37}.Debug|Any CPU.Build.0 = Debug|Any CPU
		{7ECD5610-CC3E-4144-8F9D-C5619130AC37}.Release|Any CPU.ActiveCfg = Release|Any CPU
		{7ECD5610-CC3E-4144-8F9D-C5619130AC37}.Release|Any CPU.Build.0 = Release|Any CPU
		{8D170B0C-0475-4474-94B1-817AB36BA238}.Debug|Any CPU.ActiveCfg = Debug|Any CPU
		{8D170B0C-0475-4474-94B1-817AB36BA238}.Debug|Any CPU.Build.0 = Debug|Any CPU
		{8D170B0C-0475-4474-94B1-817AB36BA238}.Release|Any CPU.ActiveCfg = Release|Any CPU
		{8D170B0C-0475-4474-94B1-817AB36BA238}.Release|Any CPU.Build.0 = Release|Any CPU
		{16F3349B-C07A-4D1E-A67D-BCF434C13A74}.Debug|Any CPU.ActiveCfg = Debug|Any CPU
		{16F3349B-C07A-4D1E-A67D-BCF434C13A74}.Debug|Any CPU.Build.0 = Debug|Any CPU
		{16F3349B-C07A-4D1E-A67D-BCF434C13A74}.Release|Any CPU.ActiveCfg = Release|Any CPU
		{16F3349B-C07A-4D1E-A67D-BCF434C13A74}.Release|Any CPU.Build.0 = Release|Any CPU
		{FD8FC6B1-44FF-4C50-AB54-8374393F1258}.Debug|Any CPU.ActiveCfg = Debug|Any CPU
		{FD8FC6B1-44FF-4C50-AB54-8374393F1258}.Debug|Any CPU.Build.0 = Debug|Any CPU
		{FD8FC6B1-44FF-4C50-AB54-8374393F1258}.Release|Any CPU.ActiveCfg = Release|Any CPU
		{FD8FC6B1-44FF-4C50-AB54-8374393F1258}.Release|Any CPU.Build.0 = Release|Any CPU
		{FA6A548C-E3F7-461C-B1DE-807F6B8A9AA5}.Debug|Any CPU.ActiveCfg = Debug|Any CPU
		{FA6A548C-E3F7-461C-B1DE-807F6B8A9AA5}.Debug|Any CPU.Build.0 = Debug|Any CPU
		{FA6A548C-E3F7-461C-B1DE-807F6B8A9AA5}.Release|Any CPU.ActiveCfg = Release|Any CPU
		{FA6A548C-E3F7-461C-B1DE-807F6B8A9AA5}.Release|Any CPU.Build.0 = Release|Any CPU
		{F74DD426-84F3-4C5A-BC74-5DA2053354D2}.Debug|Any CPU.ActiveCfg = Debug|Any CPU
		{F74DD426-84F3-4C5A-BC74-5DA2053354D2}.Debug|Any CPU.Build.0 = Debug|Any CPU
		{F74DD426-84F3-4C5A-BC74-5DA2053354D2}.Release|Any CPU.ActiveCfg = Release|Any CPU
		{F74DD426-84F3-4C5A-BC74-5DA2053354D2}.Release|Any CPU.Build.0 = Release|Any CPU
		{6B9EFE98-6188-4ECA-844F-56AC71DACD12}.Debug|Any CPU.ActiveCfg = Debug|Any CPU
		{6B9EFE98-6188-4ECA-844F-56AC71DACD12}.Debug|Any CPU.Build.0 = Debug|Any CPU
		{6B9EFE98-6188-4ECA-844F-56AC71DACD12}.Release|Any CPU.ActiveCfg = Release|Any CPU
		{6B9EFE98-6188-4ECA-844F-56AC71DACD12}.Release|Any CPU.Build.0 = Release|Any CPU
		{C18DF5CA-13F7-417F-981B-F11D447BA1D9}.Debug|Any CPU.ActiveCfg = Debug|Any CPU
		{C18DF5CA-13F7-417F-981B-F11D447BA1D9}.Debug|Any CPU.Build.0 = Debug|Any CPU
		{C18DF5CA-13F7-417F-981B-F11D447BA1D9}.Release|Any CPU.ActiveCfg = Release|Any CPU
		{C18DF5CA-13F7-417F-981B-F11D447BA1D9}.Release|Any CPU.Build.0 = Release|Any CPU
		{8A9BCACE-8375-435E-89E6-12728FF8827F}.Debug|Any CPU.ActiveCfg = Debug|Any CPU
		{8A9BCACE-8375-435E-89E6-12728FF8827F}.Debug|Any CPU.Build.0 = Debug|Any CPU
		{8A9BCACE-8375-435E-89E6-12728FF8827F}.Release|Any CPU.ActiveCfg = Release|Any CPU
		{8A9BCACE-8375-435E-89E6-12728FF8827F}.Release|Any CPU.Build.0 = Release|Any CPU
		{34ED5CB5-AD9D-4055-A093-398FAA12FA76}.Debug|Any CPU.ActiveCfg = Debug|Any CPU
		{34ED5CB5-AD9D-4055-A093-398FAA12FA76}.Debug|Any CPU.Build.0 = Debug|Any CPU
		{34ED5CB5-AD9D-4055-A093-398FAA12FA76}.Release|Any CPU.ActiveCfg = Release|Any CPU
		{34ED5CB5-AD9D-4055-A093-398FAA12FA76}.Release|Any CPU.Build.0 = Release|Any CPU
		{F2986D51-9F23-40B3-B730-F143F8845340}.Debug|Any CPU.ActiveCfg = Debug|Any CPU
		{F2986D51-9F23-40B3-B730-F143F8845340}.Debug|Any CPU.Build.0 = Debug|Any CPU
		{F2986D51-9F23-40B3-B730-F143F8845340}.Release|Any CPU.ActiveCfg = Release|Any CPU
		{F2986D51-9F23-40B3-B730-F143F8845340}.Release|Any CPU.Build.0 = Release|Any CPU
		{00944842-23F8-4576-8F85-3E56FB051DC5}.Debug|Any CPU.ActiveCfg = Debug|Any CPU
		{00944842-23F8-4576-8F85-3E56FB051DC5}.Debug|Any CPU.Build.0 = Debug|Any CPU
		{00944842-23F8-4576-8F85-3E56FB051DC5}.Release|Any CPU.ActiveCfg = Release|Any CPU
		{00944842-23F8-4576-8F85-3E56FB051DC5}.Release|Any CPU.Build.0 = Release|Any CPU
		{2078DD99-E2B7-40EA-BC56-EE0BB18A3494}.Debug|Any CPU.ActiveCfg = Debug|Any CPU
		{2078DD99-E2B7-40EA-BC56-EE0BB18A3494}.Debug|Any CPU.Build.0 = Debug|Any CPU
		{2078DD99-E2B7-40EA-BC56-EE0BB18A3494}.Release|Any CPU.ActiveCfg = Release|Any CPU
		{2078DD99-E2B7-40EA-BC56-EE0BB18A3494}.Release|Any CPU.Build.0 = Release|Any CPU
	EndGlobalSection
	GlobalSection(SolutionProperties) = preSolution
		HideSolutionNode = FALSE
	EndGlobalSection
	GlobalSection(ExtensibilityGlobals) = postSolution
		SolutionGuid = {1A849949-6261-4218-9FA0-C3263A68CD18}
	EndGlobalSection
EndGlobal
