
Microsoft Visual Studio Solution File, Format Version 12.00
# Visual Studio Version 16
VisualStudioVersion = 16.0.32630.194
MinimumVisualStudioVersion = 10.0.40219.1
Project("{FAE04EC0-301F-11D3-BF4B-00C04F79EFBC}") = "IteratorsAndComparators", "IteratorsAndComparators\IteratorsAndComparators.csproj", "{6CA4F173-ADE4-4978-A1C9-F5145F60CF3B}"
EndProject
Global
	GlobalSection(SolutionConfigurationPlatforms) = preSolution
		Debug|Any CPU = Debug|Any CPU
		Release|Any CPU = Release|Any CPU
	EndGlobalSection
	GlobalSection(ProjectConfigurationPlatforms) = postSolution
		{6CA4F173-ADE4-4978-A1C9-F5145F60CF3B}.Debug|Any CPU.ActiveCfg = Debug|Any CPU
		{6CA4F173-ADE4-4978-A1C9-F5145F60CF3B}.Debug|Any CPU.Build.0 = Debug|Any CPU
		{6CA4F173-ADE4-4978-A1C9-F5145F60CF3B}.Release|Any CPU.ActiveCfg = Release|Any CPU
		{6CA4F173-ADE4-4978-A1C9-F5145F60CF3B}.Release|Any CPU.Build.0 = Release|Any CPU
	EndGlobalSection
	GlobalSection(SolutionProperties) = preSolution
		HideSolutionNode = FALSE
	EndGlobalSection
	GlobalSection(ExtensibilityGlobals) = postSolution
		SolutionGuid = {54F15FBC-08C8-408E-914F-1C6B5DE62326}
	EndGlobalSection
EndGlobal
