
Microsoft Visual Studio Solution File, Format Version 12.00
# Visual Studio Version 16
VisualStudioVersion = 16.0.30104.148
MinimumVisualStudioVersion = 10.0.40219.1
Project("{9A19103F-16F7-4668-BE54-9A1E7A4F7556}") = "01. Count Chars in a String", "Associative Arrays - Exersice\01. Count Chars in a String.csproj", "{6E5B965D-55DD-46CF-8013-451D1837EEF9}"
EndProject
Project("{9A19103F-16F7-4668-BE54-9A1E7A4F7556}") = "02. A Miner Task", "02. A Miner Task\02. A Miner Task.csproj", "{B5B60179-37DD-41EE-A7CD-CA3A6E562DE3}"
EndProject
Project("{9A19103F-16F7-4668-BE54-9A1E7A4F7556}") = "03. Legendary Farming", "03. Legendary Farming\03. Legendary Farming.csproj", "{508E7655-75D4-41D4-839E-C289BEB855F1}"
EndProject
Project("{9A19103F-16F7-4668-BE54-9A1E7A4F7556}") = "04. Orders", "04. Orders\04. Orders.csproj", "{BC456B6F-35D8-490E-B855-D4C78510FAF8}"
EndProject
Project("{9A19103F-16F7-4668-BE54-9A1E7A4F7556}") = "05. SoftUni Parking", "05. SoftUni Parking\05. SoftUni Parking.csproj", "{2B097A73-D115-4003-B24B-46D2DEC3F7DB}"
EndProject
Project("{9A19103F-16F7-4668-BE54-9A1E7A4F7556}") = "06. Courses", "06. Courses\06. Courses.csproj", "{C9E5BE2F-A8EE-41FE-948C-A45BCA3D3530}"
EndProject
Project("{9A19103F-16F7-4668-BE54-9A1E7A4F7556}") = "07. Student Academy", "07. Student Academy\07. Student Academy.csproj", "{A415A774-DDD3-4D24-BB81-257A36FC447E}"
EndProject
Project("{9A19103F-16F7-4668-BE54-9A1E7A4F7556}") = "08. Company Users", "08. Company Users\08. Company Users.csproj", "{6AD8B2CD-9BD0-4F7E-9EA9-BC845D9CA2F9}"
EndProject
Project("{9A19103F-16F7-4668-BE54-9A1E7A4F7556}") = "09. ForceBook", "09. ForceBook\09. ForceBook.csproj", "{78143643-C031-460C-88E4-F91528D9A84F}"
EndProject
Project("{9A19103F-16F7-4668-BE54-9A1E7A4F7556}") = "10. SoftUni Exam Results", "10. SoftUni Exam Results\10. SoftUni Exam Results.csproj", "{E68C1E57-FED9-40CA-B68D-96DD5801DD77}"
EndProject
Project("{FAE04EC0-301F-11D3-BF4B-00C04F79EFBC}") = "11.Dragon Army", "11.Dragon Army\11.Dragon Army.csproj", "{734882F1-2671-419A-A319-EAD56E03B5BE}"
EndProject
Global
	GlobalSection(SolutionConfigurationPlatforms) = preSolution
		Debug|Any CPU = Debug|Any CPU
		Release|Any CPU = Release|Any CPU
	EndGlobalSection
	GlobalSection(ProjectConfigurationPlatforms) = postSolution
		{6E5B965D-55DD-46CF-8013-451D1837EEF9}.Debug|Any CPU.ActiveCfg = Debug|Any CPU
		{6E5B965D-55DD-46CF-8013-451D1837EEF9}.Debug|Any CPU.Build.0 = Debug|Any CPU
		{6E5B965D-55DD-46CF-8013-451D1837EEF9}.Release|Any CPU.ActiveCfg = Release|Any CPU
		{6E5B965D-55DD-46CF-8013-451D1837EEF9}.Release|Any CPU.Build.0 = Release|Any CPU
		{B5B60179-37DD-41EE-A7CD-CA3A6E562DE3}.Debug|Any CPU.ActiveCfg = Debug|Any CPU
		{B5B60179-37DD-41EE-A7CD-CA3A6E562DE3}.Debug|Any CPU.Build.0 = Debug|Any CPU
		{B5B60179-37DD-41EE-A7CD-CA3A6E562DE3}.Release|Any CPU.ActiveCfg = Release|Any CPU
		{B5B60179-37DD-41EE-A7CD-CA3A6E562DE3}.Release|Any CPU.Build.0 = Release|Any CPU
		{508E7655-75D4-41D4-839E-C289BEB855F1}.Debug|Any CPU.ActiveCfg = Debug|Any CPU
		{508E7655-75D4-41D4-839E-C289BEB855F1}.Debug|Any CPU.Build.0 = Debug|Any CPU
		{508E7655-75D4-41D4-839E-C289BEB855F1}.Release|Any CPU.ActiveCfg = Release|Any CPU
		{508E7655-75D4-41D4-839E-C289BEB855F1}.Release|Any CPU.Build.0 = Release|Any CPU
		{BC456B6F-35D8-490E-B855-D4C78510FAF8}.Debug|Any CPU.ActiveCfg = Debug|Any CPU
		{BC456B6F-35D8-490E-B855-D4C78510FAF8}.Debug|Any CPU.Build.0 = Debug|Any CPU
		{BC456B6F-35D8-490E-B855-D4C78510FAF8}.Release|Any CPU.ActiveCfg = Release|Any CPU
		{BC456B6F-35D8-490E-B855-D4C78510FAF8}.Release|Any CPU.Build.0 = Release|Any CPU
		{2B097A73-D115-4003-B24B-46D2DEC3F7DB}.Debug|Any CPU.ActiveCfg = Debug|Any CPU
		{2B097A73-D115-4003-B24B-46D2DEC3F7DB}.Debug|Any CPU.Build.0 = Debug|Any CPU
		{2B097A73-D115-4003-B24B-46D2DEC3F7DB}.Release|Any CPU.ActiveCfg = Release|Any CPU
		{2B097A73-D115-4003-B24B-46D2DEC3F7DB}.Release|Any CPU.Build.0 = Release|Any CPU
		{C9E5BE2F-A8EE-41FE-948C-A45BCA3D3530}.Debug|Any CPU.ActiveCfg = Debug|Any CPU
		{C9E5BE2F-A8EE-41FE-948C-A45BCA3D3530}.Debug|Any CPU.Build.0 = Debug|Any CPU
		{C9E5BE2F-A8EE-41FE-948C-A45BCA3D3530}.Release|Any CPU.ActiveCfg = Release|Any CPU
		{C9E5BE2F-A8EE-41FE-948C-A45BCA3D3530}.Release|Any CPU.Build.0 = Release|Any CPU
		{A415A774-DDD3-4D24-BB81-257A36FC447E}.Debug|Any CPU.ActiveCfg = Debug|Any CPU
		{A415A774-DDD3-4D24-BB81-257A36FC447E}.Debug|Any CPU.Build.0 = Debug|Any CPU
		{A415A774-DDD3-4D24-BB81-257A36FC447E}.Release|Any CPU.ActiveCfg = Release|Any CPU
		{A415A774-DDD3-4D24-BB81-257A36FC447E}.Release|Any CPU.Build.0 = Release|Any CPU
		{6AD8B2CD-9BD0-4F7E-9EA9-BC845D9CA2F9}.Debug|Any CPU.ActiveCfg = Debug|Any CPU
		{6AD8B2CD-9BD0-4F7E-9EA9-BC845D9CA2F9}.Debug|Any CPU.Build.0 = Debug|Any CPU
		{6AD8B2CD-9BD0-4F7E-9EA9-BC845D9CA2F9}.Release|Any CPU.ActiveCfg = Release|Any CPU
		{6AD8B2CD-9BD0-4F7E-9EA9-BC845D9CA2F9}.Release|Any CPU.Build.0 = Release|Any CPU
		{78143643-C031-460C-88E4-F91528D9A84F}.Debug|Any CPU.ActiveCfg = Debug|Any CPU
		{78143643-C031-460C-88E4-F91528D9A84F}.Debug|Any CPU.Build.0 = Debug|Any CPU
		{78143643-C031-460C-88E4-F91528D9A84F}.Release|Any CPU.ActiveCfg = Release|Any CPU
		{78143643-C031-460C-88E4-F91528D9A84F}.Release|Any CPU.Build.0 = Release|Any CPU
		{E68C1E57-FED9-40CA-B68D-96DD5801DD77}.Debug|Any CPU.ActiveCfg = Debug|Any CPU
		{E68C1E57-FED9-40CA-B68D-96DD5801DD77}.Debug|Any CPU.Build.0 = Debug|Any CPU
		{E68C1E57-FED9-40CA-B68D-96DD5801DD77}.Release|Any CPU.ActiveCfg = Release|Any CPU
		{E68C1E57-FED9-40CA-B68D-96DD5801DD77}.Release|Any CPU.Build.0 = Release|Any CPU
		{734882F1-2671-419A-A319-EAD56E03B5BE}.Debug|Any CPU.ActiveCfg = Debug|Any CPU
		{734882F1-2671-419A-A319-EAD56E03B5BE}.Debug|Any CPU.Build.0 = Debug|Any CPU
		{734882F1-2671-419A-A319-EAD56E03B5BE}.Release|Any CPU.ActiveCfg = Release|Any CPU
		{734882F1-2671-419A-A319-EAD56E03B5BE}.Release|Any CPU.Build.0 = Release|Any CPU
	EndGlobalSection
	GlobalSection(SolutionProperties) = preSolution
		HideSolutionNode = FALSE
	EndGlobalSection
	GlobalSection(ExtensibilityGlobals) = postSolution
		SolutionGuid = {EBD35CA7-2C2E-4932-89D5-7352B86D65F5}
	EndGlobalSection
EndGlobal
