
Microsoft Visual Studio Solution File, Format Version 12.00
# Visual Studio Version 16
VisualStudioVersion = 16.0.30907.101
MinimumVisualStudioVersion = 10.0.40219.1
Project("{9A19103F-16F7-4668-BE54-9A1E7A4F7556}") = "BoxOfT", "BoxOfT\BoxOfT.csproj", "{E1124D39-D5D0-4B76-8B83-AFA22A2FBC5C}"
EndProject
Project("{9A19103F-16F7-4668-BE54-9A1E7A4F7556}") = "GenericArrayCreator", "GenericArrayCreator\GenericArrayCreator.csproj", "{1EE28640-FD76-4F38-B1B2-0A549945697E}"
EndProject
Project("{9A19103F-16F7-4668-BE54-9A1E7A4F7556}") = "GenericScale", "GenericScale\GenericScale.csproj", "{CC142853-29F1-464E-BE6A-829A19A6CC4A}"
EndProject
Project("{FAE04EC0-301F-11D3-BF4B-00C04F79EFBC}") = "GenericBoxOfString", "GenericBoxOfString\GenericBoxOfString.csproj", "{BD52B558-B057-4798-B291-98D305E9974B}"
EndProject
Global
	GlobalSection(SolutionConfigurationPlatforms) = preSolution
		Debug|Any CPU = Debug|Any CPU
		Release|Any CPU = Release|Any CPU
	EndGlobalSection
	GlobalSection(ProjectConfigurationPlatforms) = postSolution
		{E1124D39-D5D0-4B76-8B83-AFA22A2FBC5C}.Debug|Any CPU.ActiveCfg = Debug|Any CPU
		{E1124D39-D5D0-4B76-8B83-AFA22A2FBC5C}.Debug|Any CPU.Build.0 = Debug|Any CPU
		{E1124D39-D5D0-4B76-8B83-AFA22A2FBC5C}.Release|Any CPU.ActiveCfg = Release|Any CPU
		{E1124D39-D5D0-4B76-8B83-AFA22A2FBC5C}.Release|Any CPU.Build.0 = Release|Any CPU
		{1EE28640-FD76-4F38-B1B2-0A549945697E}.Debug|Any CPU.ActiveCfg = Debug|Any CPU
		{1EE28640-FD76-4F38-B1B2-0A549945697E}.Debug|Any CPU.Build.0 = Debug|Any CPU
		{1EE28640-FD76-4F38-B1B2-0A549945697E}.Release|Any CPU.ActiveCfg = Release|Any CPU
		{1EE28640-FD76-4F38-B1B2-0A549945697E}.Release|Any CPU.Build.0 = Release|Any CPU
		{CC142853-29F1-464E-BE6A-829A19A6CC4A}.Debug|Any CPU.ActiveCfg = Debug|Any CPU
		{CC142853-29F1-464E-BE6A-829A19A6CC4A}.Debug|Any CPU.Build.0 = Debug|Any CPU
		{CC142853-29F1-464E-BE6A-829A19A6CC4A}.Release|Any CPU.ActiveCfg = Release|Any CPU
		{CC142853-29F1-464E-BE6A-829A19A6CC4A}.Release|Any CPU.Build.0 = Release|Any CPU
		{BD52B558-B057-4798-B291-98D305E9974B}.Debug|Any CPU.ActiveCfg = Debug|Any CPU
		{BD52B558-B057-4798-B291-98D305E9974B}.Debug|Any CPU.Build.0 = Debug|Any CPU
		{BD52B558-B057-4798-B291-98D305E9974B}.Release|Any CPU.ActiveCfg = Release|Any CPU
		{BD52B558-B057-4798-B291-98D305E9974B}.Release|Any CPU.Build.0 = Release|Any CPU
	EndGlobalSection
	GlobalSection(SolutionProperties) = preSolution
		HideSolutionNode = FALSE
	EndGlobalSection
	GlobalSection(ExtensibilityGlobals) = postSolution
		SolutionGuid = {EFCE31FC-870D-4415-8081-AFB4B8DEE3D5}
	EndGlobalSection
EndGlobal
