
Microsoft Visual Studio Solution File, Format Version 12.00
# Visual Studio Version 16
VisualStudioVersion = 16.0.30002.166
MinimumVisualStudioVersion = 10.0.40219.1
Project("{9A19103F-16F7-4668-BE54-9A1E7A4F7556}") = "01. Day of Week", "01. Day of Week\01. Day of Week.csproj", "{83EA4C9F-FD62-49D8-9086-4669DE99D931}"
EndProject
Project("{9A19103F-16F7-4668-BE54-9A1E7A4F7556}") = "02. Print Numbers in Reverse Order", "02. Print Numbers in Reverse Order\02. Print Numbers in Reverse Order.csproj", "{624058F6-6BDE-4FFA-8FF3-A06681B73618}"
EndProject
Project("{9A19103F-16F7-4668-BE54-9A1E7A4F7556}") = "03. Rounding Numbers", "03. Rounding Numbers\03. Rounding Numbers.csproj", "{8F035B77-3870-42DA-ACCF-461A5AFEFFB6}"
EndProject
Project("{9A19103F-16F7-4668-BE54-9A1E7A4F7556}") = "04. Reverse Array of Strings", "04. Reverse Array of Strings\04. Reverse Array of Strings.csproj", "{2EA16091-8518-489B-9F21-7C9B202D43F3}"
EndProject
Project("{9A19103F-16F7-4668-BE54-9A1E7A4F7556}") = "05. Sum Even Numbers", "05. Sum Even Numbers\05. Sum Even Numbers.csproj", "{B4C78F02-09AF-49C8-885B-A96CB4B56073}"
EndProject
Project("{9A19103F-16F7-4668-BE54-9A1E7A4F7556}") = "06. Even and Odd Subtraction", "06. Even and Odd Subtraction\06. Even and Odd Subtraction.csproj", "{67F482B6-5474-414D-A07C-3BBC86070852}"
EndProject
Project("{9A19103F-16F7-4668-BE54-9A1E7A4F7556}") = "07. Equal Arrays", "07. Equal Arrays\07. Equal Arrays.csproj", "{B7935D73-0F99-4828-8277-1766614F9F0A}"
EndProject
Project("{9A19103F-16F7-4668-BE54-9A1E7A4F7556}") = "08. Condense Array to Number", "08. Condense Array to Number\08. Condense Array to Number.csproj", "{D85CD0BC-6997-4A13-BBB9-0C8E9B645FFA}"
EndProject
Project("{FAE04EC0-301F-11D3-BF4B-00C04F79EFBC}") = "09.Extract Middle Elements", "09.Extract Middle Elements\09.Extract Middle Elements.csproj", "{602F76FE-B48E-42C6-882A-23732A3CD7F1}"
EndProject
Global
	GlobalSection(SolutionConfigurationPlatforms) = preSolution
		Debug|Any CPU = Debug|Any CPU
		Release|Any CPU = Release|Any CPU
	EndGlobalSection
	GlobalSection(ProjectConfigurationPlatforms) = postSolution
		{83EA4C9F-FD62-49D8-9086-4669DE99D931}.Debug|Any CPU.ActiveCfg = Debug|Any CPU
		{83EA4C9F-FD62-49D8-9086-4669DE99D931}.Debug|Any CPU.Build.0 = Debug|Any CPU
		{83EA4C9F-FD62-49D8-9086-4669DE99D931}.Release|Any CPU.ActiveCfg = Release|Any CPU
		{83EA4C9F-FD62-49D8-9086-4669DE99D931}.Release|Any CPU.Build.0 = Release|Any CPU
		{624058F6-6BDE-4FFA-8FF3-A06681B73618}.Debug|Any CPU.ActiveCfg = Debug|Any CPU
		{624058F6-6BDE-4FFA-8FF3-A06681B73618}.Debug|Any CPU.Build.0 = Debug|Any CPU
		{624058F6-6BDE-4FFA-8FF3-A06681B73618}.Release|Any CPU.ActiveCfg = Release|Any CPU
		{624058F6-6BDE-4FFA-8FF3-A06681B73618}.Release|Any CPU.Build.0 = Release|Any CPU
		{8F035B77-3870-42DA-ACCF-461A5AFEFFB6}.Debug|Any CPU.ActiveCfg = Debug|Any CPU
		{8F035B77-3870-42DA-ACCF-461A5AFEFFB6}.Debug|Any CPU.Build.0 = Debug|Any CPU
		{8F035B77-3870-42DA-ACCF-461A5AFEFFB6}.Release|Any CPU.ActiveCfg = Release|Any CPU
		{8F035B77-3870-42DA-ACCF-461A5AFEFFB6}.Release|Any CPU.Build.0 = Release|Any CPU
		{2EA16091-8518-489B-9F21-7C9B202D43F3}.Debug|Any CPU.ActiveCfg = Debug|Any CPU
		{2EA16091-8518-489B-9F21-7C9B202D43F3}.Debug|Any CPU.Build.0 = Debug|Any CPU
		{2EA16091-8518-489B-9F21-7C9B202D43F3}.Release|Any CPU.ActiveCfg = Release|Any CPU
		{2EA16091-8518-489B-9F21-7C9B202D43F3}.Release|Any CPU.Build.0 = Release|Any CPU
		{B4C78F02-09AF-49C8-885B-A96CB4B56073}.Debug|Any CPU.ActiveCfg = Debug|Any CPU
		{B4C78F02-09AF-49C8-885B-A96CB4B56073}.Debug|Any CPU.Build.0 = Debug|Any CPU
		{B4C78F02-09AF-49C8-885B-A96CB4B56073}.Release|Any CPU.ActiveCfg = Release|Any CPU
		{B4C78F02-09AF-49C8-885B-A96CB4B56073}.Release|Any CPU.Build.0 = Release|Any CPU
		{67F482B6-5474-414D-A07C-3BBC86070852}.Debug|Any CPU.ActiveCfg = Debug|Any CPU
		{67F482B6-5474-414D-A07C-3BBC86070852}.Debug|Any CPU.Build.0 = Debug|Any CPU
		{67F482B6-5474-414D-A07C-3BBC86070852}.Release|Any CPU.ActiveCfg = Release|Any CPU
		{67F482B6-5474-414D-A07C-3BBC86070852}.Release|Any CPU.Build.0 = Release|Any CPU
		{B7935D73-0F99-4828-8277-1766614F9F0A}.Debug|Any CPU.ActiveCfg = Debug|Any CPU
		{B7935D73-0F99-4828-8277-1766614F9F0A}.Debug|Any CPU.Build.0 = Debug|Any CPU
		{B7935D73-0F99-4828-8277-1766614F9F0A}.Release|Any CPU.ActiveCfg = Release|Any CPU
		{B7935D73-0F99-4828-8277-1766614F9F0A}.Release|Any CPU.Build.0 = Release|Any CPU
		{D85CD0BC-6997-4A13-BBB9-0C8E9B645FFA}.Debug|Any CPU.ActiveCfg = Debug|Any CPU
		{D85CD0BC-6997-4A13-BBB9-0C8E9B645FFA}.Debug|Any CPU.Build.0 = Debug|Any CPU
		{D85CD0BC-6997-4A13-BBB9-0C8E9B645FFA}.Release|Any CPU.ActiveCfg = Release|Any CPU
		{D85CD0BC-6997-4A13-BBB9-0C8E9B645FFA}.Release|Any CPU.Build.0 = Release|Any CPU
		{602F76FE-B48E-42C6-882A-23732A3CD7F1}.Debug|Any CPU.ActiveCfg = Debug|Any CPU
		{602F76FE-B48E-42C6-882A-23732A3CD7F1}.Debug|Any CPU.Build.0 = Debug|Any CPU
		{602F76FE-B48E-42C6-882A-23732A3CD7F1}.Release|Any CPU.ActiveCfg = Release|Any CPU
		{602F76FE-B48E-42C6-882A-23732A3CD7F1}.Release|Any CPU.Build.0 = Release|Any CPU
	EndGlobalSection
	GlobalSection(SolutionProperties) = preSolution
		HideSolutionNode = FALSE
	EndGlobalSection
	GlobalSection(ExtensibilityGlobals) = postSolution
		SolutionGuid = {34FEA5F2-8835-4F58-AFC6-AC26424CA9F5}
	EndGlobalSection
EndGlobal
