
Microsoft Visual Studio Solution File, Format Version 12.00
# Visual Studio Version 16
VisualStudioVersion = 16.0.30011.22
MinimumVisualStudioVersion = 10.0.40219.1
Project("{FAE04EC0-301F-11D3-BF4B-00C04F79EFBC}") = "mini", "mini\mini.csproj", "{48F86651-3A4B-43E4-8836-78F1BDB9646C}"
EndProject
Global
	GlobalSection(SolutionConfigurationPlatforms) = preSolution
		Debug|Any CPU = Debug|Any CPU
		Release|Any CPU = Release|Any CPU
	EndGlobalSection
	GlobalSection(ProjectConfigurationPlatforms) = postSolution
		{48F86651-3A4B-43E4-8836-78F1BDB9646C}.Debug|Any CPU.ActiveCfg = Debug|Any CPU
		{48F86651-3A4B-43E4-8836-78F1BDB9646C}.Debug|Any CPU.Build.0 = Debug|Any CPU
		{48F86651-3A4B-43E4-8836-78F1BDB9646C}.Release|Any CPU.ActiveCfg = Release|Any CPU
		{48F86651-3A4B-43E4-8836-78F1BDB9646C}.Release|Any CPU.Build.0 = Release|Any CPU
	EndGlobalSection
	GlobalSection(SolutionProperties) = preSolution
		HideSolutionNode = FALSE
	EndGlobalSection
	GlobalSection(ExtensibilityGlobals) = postSolution
		SolutionGuid = {D1A2C8C3-F9DE-4CF7-9339-86795DD7F6CA}
	EndGlobalSection
EndGlobal
